
Microsoft Visual Studio Solution File, Format Version 12.00
# Visual Studio 15
VisualStudioVersion = 15.0.26730.16
MinimumVisualStudioVersion = 10.0.40219.1
Project("{FAE04EC0-301F-11D3-BF4B-00C04F79EFBC}") = "ITDEV117Assignment7A", "ITDEV117Assignment7A\ITDEV117Assignment7A.csproj", "{3060FD9E-1D17-4562-827D-24AFCD457EC0}"
EndProject
Global
	GlobalSection(SolutionConfigurationPlatforms) = preSolution
		Debug|Any CPU = Debug|Any CPU
		Release|Any CPU = Release|Any CPU
	EndGlobalSection
	GlobalSection(ProjectConfigurationPlatforms) = postSolution
		{3060FD9E-1D17-4562-827D-24AFCD457EC0}.Debug|Any CPU.ActiveCfg = Debug|Any CPU
		{3060FD9E-1D17-4562-827D-24AFCD457EC0}.Debug|Any CPU.Build.0 = Debug|Any CPU
		{3060FD9E-1D17-4562-827D-24AFCD457EC0}.Release|Any CPU.ActiveCfg = Release|Any CPU
		{3060FD9E-1D17-4562-827D-24AFCD457EC0}.Release|Any CPU.Build.0 = Release|Any CPU
	EndGlobalSection
	GlobalSection(SolutionProperties) = preSolution
		HideSolutionNode = FALSE
	EndGlobalSection
	GlobalSection(ExtensibilityGlobals) = postSolution
		SolutionGuid = {3EEA9077-7A82-453D-8A4A-52DFFA0DD9E0}
	EndGlobalSection
EndGlobal
